
Microsoft Visual Studio Solution File, Format Version 12.00
# Visual Studio Version 16
VisualStudioVersion = 16.0.29519.181
MinimumVisualStudioVersion = 10.0.40219.1
Project("{FAE04EC0-301F-11D3-BF4B-00C04F79EFBC}") = "FFT", "FFT\FFT.csproj", "{45BC4867-9FE8-4416-AB9F-A0ADDB122A4D}"
EndProject
Global
	GlobalSection(SolutionConfigurationPlatforms) = preSolution
		Debug|Any CPU = Debug|Any CPU
		Release|Any CPU = Release|Any CPU
	EndGlobalSection
	GlobalSection(ProjectConfigurationPlatforms) = postSolution
		{45BC4867-9FE8-4416-AB9F-A0ADDB122A4D}.Debug|Any CPU.ActiveCfg = Debug|Any CPU
		{45BC4867-9FE8-4416-AB9F-A0ADDB122A4D}.Debug|Any CPU.Build.0 = Debug|Any CPU
		{45BC4867-9FE8-4416-AB9F-A0ADDB122A4D}.Release|Any CPU.ActiveCfg = Release|Any CPU
		{45BC4867-9FE8-4416-AB9F-A0ADDB122A4D}.Release|Any CPU.Build.0 = Release|Any CPU
	EndGlobalSection
	GlobalSection(SolutionProperties) = preSolution
		HideSolutionNode = FALSE
	EndGlobalSection
	GlobalSection(ExtensibilityGlobals) = postSolution
		SolutionGuid = {E2696A78-7583-43EE-B324-4C32F8383B49}
	EndGlobalSection
EndGlobal
